// !$*UTF8*$!
{
	archiveVersion = 1;
	classes = {
	};
	objectVersion = 55;
	objects = {

/* Begin PBXBuildFile section */
		3F864D9CB2766DFCCA089CBF /* Pods_FlixTests.framework in Frameworks */ = {isa = PBXBuildFile; fileRef = 9772D0AAE90E67769736EE18 /* Pods_FlixTests.framework */; };
		7399ECD99C36A2932DE53A76 /* Pods_Flix_FlixUITests.framework in Frameworks */ = {isa = PBXBuildFile; fileRef = 47064D4ECD7B3340E53D99BC /* Pods_Flix_FlixUITests.framework */; };
		B8503C83BDBA280C79498065 /* Pods_Flix.framework in Frameworks */ = {isa = PBXBuildFile; fileRef = FB7729DCDD99C0472550C3EE /* Pods_Flix.framework */; };
		F63B1A782749B271003BDB77 /* MovieCell.swift in Sources */ = {isa = PBXBuildFile; fileRef = F63B1A772749B271003BDB77 /* MovieCell.swift */; };
		F63B1A7B274A11AC003BDB77 /* AlamofireImage in Frameworks */ = {isa = PBXBuildFile; productRef = F63B1A7A274A11AC003BDB77 /* AlamofireImage */; };
		F63ED9D627488A22009CE8BE /* AppDelegate.swift in Sources */ = {isa = PBXBuildFile; fileRef = F63ED9D527488A22009CE8BE /* AppDelegate.swift */; };
		F63ED9D827488A22009CE8BE /* SceneDelegate.swift in Sources */ = {isa = PBXBuildFile; fileRef = F63ED9D727488A22009CE8BE /* SceneDelegate.swift */; };
		F63ED9DA27488A23009CE8BE /* MoviesViewController.swift in Sources */ = {isa = PBXBuildFile; fileRef = F63ED9D927488A23009CE8BE /* MoviesViewController.swift */; };
		F63ED9DD27488A23009CE8BE /* Main.storyboard in Resources */ = {isa = PBXBuildFile; fileRef = F63ED9DB27488A23009CE8BE /* Main.storyboard */; };
		F63ED9DF27488A24009CE8BE /* Assets.xcassets in Resources */ = {isa = PBXBuildFile; fileRef = F63ED9DE27488A24009CE8BE /* Assets.xcassets */; };
		F63ED9E227488A24009CE8BE /* LaunchScreen.storyboard in Resources */ = {isa = PBXBuildFile; fileRef = F63ED9E027488A24009CE8BE /* LaunchScreen.storyboard */; };
		F63ED9ED27488A24009CE8BE /* FlixTests.swift in Sources */ = {isa = PBXBuildFile; fileRef = F63ED9EC27488A24009CE8BE /* FlixTests.swift */; };
		F63ED9F727488A24009CE8BE /* FlixUITests.swift in Sources */ = {isa = PBXBuildFile; fileRef = F63ED9F627488A24009CE8BE /* FlixUITests.swift */; };
		F63ED9F927488A24009CE8BE /* FlixUITestsLaunchTests.swift in Sources */ = {isa = PBXBuildFile; fileRef = F63ED9F827488A24009CE8BE /* FlixUITestsLaunchTests.swift */; };
		F641A5FB274DC3F200996BCA /* MovieGridCell.swift in Sources */ = {isa = PBXBuildFile; fileRef = F641A5FA274DC3F200996BCA /* MovieGridCell.swift */; };
		F6423CC5274A385C00A48EEE /* MovieDetailsViewController.swift in Sources */ = {isa = PBXBuildFile; fileRef = F6423CC4274A385C00A48EEE /* MovieDetailsViewController.swift */; };
		F6423CC7274A4DB300A48EEE /* MovieGridViewController.swift in Sources */ = {isa = PBXBuildFile; fileRef = F6423CC6274A4DB300A48EEE /* MovieGridViewController.swift */; };
		F6D0E7962753370700F58559 /* MovieTrailerController.swift in Sources */ = {isa = PBXBuildFile; fileRef = F6D0E7952753370700F58559 /* MovieTrailerController.swift */; };
/* End PBXBuildFile section */

/* Begin PBXContainerItemProxy section */
		F63ED9E927488A24009CE8BE /* PBXContainerItemProxy */ = {
			isa = PBXContainerItemProxy;
			containerPortal = F63ED9CA27488A22009CE8BE /* Project object */;
			proxyType = 1;
			remoteGlobalIDString = F63ED9D127488A22009CE8BE;
			remoteInfo = Flix;
		};
		F63ED9F327488A24009CE8BE /* PBXContainerItemProxy */ = {
			isa = PBXContainerItemProxy;
			containerPortal = F63ED9CA27488A22009CE8BE /* Project object */;
			proxyType = 1;
			remoteGlobalIDString = F63ED9D127488A22009CE8BE;
			remoteInfo = Flix;
		};
/* End PBXContainerItemProxy section */

/* Begin PBXFileReference section */
		0613E11ADC641C845F9FEEBA /* Pods-Flix.debug.xcconfig */ = {isa = PBXFileReference; includeInIndex = 1; lastKnownFileType = text.xcconfig; name = "Pods-Flix.debug.xcconfig"; path = "Target Support Files/Pods-Flix/Pods-Flix.debug.xcconfig"; sourceTree = "<group>"; };
		47064D4ECD7B3340E53D99BC /* Pods_Flix_FlixUITests.framework */ = {isa = PBXFileReference; explicitFileType = wrapper.framework; includeInIndex = 0; path = Pods_Flix_FlixUITests.framework; sourceTree = BUILT_PRODUCTS_DIR; };
		57974DBB09AEFDFE6FC1B737 /* Pods-Flix-FlixUITests.debug.xcconfig */ = {isa = PBXFileReference; includeInIndex = 1; lastKnownFileType = text.xcconfig; name = "Pods-Flix-FlixUITests.debug.xcconfig"; path = "Target Support Files/Pods-Flix-FlixUITests/Pods-Flix-FlixUITests.debug.xcconfig"; sourceTree = "<group>"; };
		736334E94DEC04DC547C31FF /* Pods-FlixTests.debug.xcconfig */ = {isa = PBXFileReference; includeInIndex = 1; lastKnownFileType = text.xcconfig; name = "Pods-FlixTests.debug.xcconfig"; path = "Target Support Files/Pods-FlixTests/Pods-FlixTests.debug.xcconfig"; sourceTree = "<group>"; };
		926114310FA33779C4FC2683 /* Pods-FlixTests.release.xcconfig */ = {isa = PBXFileReference; includeInIndex = 1; lastKnownFileType = text.xcconfig; name = "Pods-FlixTests.release.xcconfig"; path = "Target Support Files/Pods-FlixTests/Pods-FlixTests.release.xcconfig"; sourceTree = "<group>"; };
		9772D0AAE90E67769736EE18 /* Pods_FlixTests.framework */ = {isa = PBXFileReference; explicitFileType = wrapper.framework; includeInIndex = 0; path = Pods_FlixTests.framework; sourceTree = BUILT_PRODUCTS_DIR; };
		A75899DAEBE13CFD3B04827D /* Pods-Flix-FlixUITests.release.xcconfig */ = {isa = PBXFileReference; includeInIndex = 1; lastKnownFileType = text.xcconfig; name = "Pods-Flix-FlixUITests.release.xcconfig"; path = "Target Support Files/Pods-Flix-FlixUITests/Pods-Flix-FlixUITests.release.xcconfig"; sourceTree = "<group>"; };
		C8EC0C63AA12E48AF03B92C6 /* Pods-Flix.release.xcconfig */ = {isa = PBXFileReference; includeInIndex = 1; lastKnownFileType = text.xcconfig; name = "Pods-Flix.release.xcconfig"; path = "Target Support Files/Pods-Flix/Pods-Flix.release.xcconfig"; sourceTree = "<group>"; };
		F63B1A772749B271003BDB77 /* MovieCell.swift */ = {isa = PBXFileReference; lastKnownFileType = sourcecode.swift; path = MovieCell.swift; sourceTree = "<group>"; };
		F63ED9D227488A22009CE8BE /* Flix.app */ = {isa = PBXFileReference; explicitFileType = wrapper.application; includeInIndex = 0; path = Flix.app; sourceTree = BUILT_PRODUCTS_DIR; };
		F63ED9D527488A22009CE8BE /* AppDelegate.swift */ = {isa = PBXFileReference; lastKnownFileType = sourcecode.swift; path = AppDelegate.swift; sourceTree = "<group>"; };
		F63ED9D727488A22009CE8BE /* SceneDelegate.swift */ = {isa = PBXFileReference; lastKnownFileType = sourcecode.swift; path = SceneDelegate.swift; sourceTree = "<group>"; };
		F63ED9D927488A23009CE8BE /* MoviesViewController.swift */ = {isa = PBXFileReference; lastKnownFileType = sourcecode.swift; path = MoviesViewController.swift; sourceTree = "<group>"; };
		F63ED9DC27488A23009CE8BE /* Base */ = {isa = PBXFileReference; lastKnownFileType = file.storyboard; name = Base; path = Base.lproj/Main.storyboard; sourceTree = "<group>"; };
		F63ED9DE27488A24009CE8BE /* Assets.xcassets */ = {isa = PBXFileReference; lastKnownFileType = folder.assetcatalog; path = Assets.xcassets; sourceTree = "<group>"; };
		F63ED9E127488A24009CE8BE /* Base */ = {isa = PBXFileReference; lastKnownFileType = file.storyboard; name = Base; path = Base.lproj/LaunchScreen.storyboard; sourceTree = "<group>"; };
		F63ED9E327488A24009CE8BE /* Info.plist */ = {isa = PBXFileReference; lastKnownFileType = text.plist.xml; path = Info.plist; sourceTree = "<group>"; };
		F63ED9E827488A24009CE8BE /* FlixTests.xctest */ = {isa = PBXFileReference; explicitFileType = wrapper.cfbundle; includeInIndex = 0; path = FlixTests.xctest; sourceTree = BUILT_PRODUCTS_DIR; };
		F63ED9EC27488A24009CE8BE /* FlixTests.swift */ = {isa = PBXFileReference; lastKnownFileType = sourcecode.swift; path = FlixTests.swift; sourceTree = "<group>"; };
		F63ED9F227488A24009CE8BE /* FlixUITests.xctest */ = {isa = PBXFileReference; explicitFileType = wrapper.cfbundle; includeInIndex = 0; path = FlixUITests.xctest; sourceTree = BUILT_PRODUCTS_DIR; };
		F63ED9F627488A24009CE8BE /* FlixUITests.swift */ = {isa = PBXFileReference; lastKnownFileType = sourcecode.swift; path = FlixUITests.swift; sourceTree = "<group>"; };
		F63ED9F827488A24009CE8BE /* FlixUITestsLaunchTests.swift */ = {isa = PBXFileReference; lastKnownFileType = sourcecode.swift; path = FlixUITestsLaunchTests.swift; sourceTree = "<group>"; };
		F641A5FA274DC3F200996BCA /* MovieGridCell.swift */ = {isa = PBXFileReference; lastKnownFileType = sourcecode.swift; path = MovieGridCell.swift; sourceTree = "<group>"; };
		F6423CC4274A385C00A48EEE /* MovieDetailsViewController.swift */ = {isa = PBXFileReference; lastKnownFileType = sourcecode.swift; lineEnding = 0; path = MovieDetailsViewController.swift; sourceTree = "<group>"; };
		F6423CC6274A4DB300A48EEE /* MovieGridViewController.swift */ = {isa = PBXFileReference; lastKnownFileType = sourcecode.swift; path = MovieGridViewController.swift; sourceTree = "<group>"; };
		F6D0E7952753370700F58559 /* MovieTrailerController.swift */ = {isa = PBXFileReference; lastKnownFileType = sourcecode.swift; path = MovieTrailerController.swift; sourceTree = "<group>"; };
		FB7729DCDD99C0472550C3EE /* Pods_Flix.framework */ = {isa = PBXFileReference; explicitFileType = wrapper.framework; includeInIndex = 0; path = Pods_Flix.framework; sourceTree = BUILT_PRODUCTS_DIR; };
/* End PBXFileReference section */

/* Begin PBXFrameworksBuildPhase section */
		F63ED9CF27488A22009CE8BE /* Frameworks */ = {
			isa = PBXFrameworksBuildPhase;
			buildActionMask = 2147483647;
			files = (
				F63B1A7B274A11AC003BDB77 /* AlamofireImage in Frameworks */,
				B8503C83BDBA280C79498065 /* Pods_Flix.framework in Frameworks */,
			);
			runOnlyForDeploymentPostprocessing = 0;
		};
		F63ED9E527488A24009CE8BE /* Frameworks */ = {
			isa = PBXFrameworksBuildPhase;
			buildActionMask = 2147483647;
			files = (
				3F864D9CB2766DFCCA089CBF /* Pods_FlixTests.framework in Frameworks */,
			);
			runOnlyForDeploymentPostprocessing = 0;
		};
		F63ED9EF27488A24009CE8BE /* Frameworks */ = {
			isa = PBXFrameworksBuildPhase;
			buildActionMask = 2147483647;
			files = (
				7399ECD99C36A2932DE53A76 /* Pods_Flix_FlixUITests.framework in Frameworks */,
			);
			runOnlyForDeploymentPostprocessing = 0;
		};
/* End PBXFrameworksBuildPhase section */

/* Begin PBXGroup section */
		440905895E5F467B621FAA53 /* Pods */ = {
			isa = PBXGroup;
			children = (
				0613E11ADC641C845F9FEEBA /* Pods-Flix.debug.xcconfig */,
				C8EC0C63AA12E48AF03B92C6 /* Pods-Flix.release.xcconfig */,
				57974DBB09AEFDFE6FC1B737 /* Pods-Flix-FlixUITests.debug.xcconfig */,
				A75899DAEBE13CFD3B04827D /* Pods-Flix-FlixUITests.release.xcconfig */,
				736334E94DEC04DC547C31FF /* Pods-FlixTests.debug.xcconfig */,
				926114310FA33779C4FC2683 /* Pods-FlixTests.release.xcconfig */,
			);
			path = Pods;
			sourceTree = "<group>";
		};
		E96B8B00DCC568A24A59938A /* Frameworks */ = {
			isa = PBXGroup;
			children = (
				FB7729DCDD99C0472550C3EE /* Pods_Flix.framework */,
				47064D4ECD7B3340E53D99BC /* Pods_Flix_FlixUITests.framework */,
				9772D0AAE90E67769736EE18 /* Pods_FlixTests.framework */,
			);
			name = Frameworks;
			sourceTree = "<group>";
		};
		F63ED9C927488A22009CE8BE = {
			isa = PBXGroup;
			children = (
				F63ED9D427488A22009CE8BE /* Flix */,
				F63ED9EB27488A24009CE8BE /* FlixTests */,
				F63ED9F527488A24009CE8BE /* FlixUITests */,
				F63ED9D327488A22009CE8BE /* Products */,
				440905895E5F467B621FAA53 /* Pods */,
				E96B8B00DCC568A24A59938A /* Frameworks */,
			);
			sourceTree = "<group>";
		};
		F63ED9D327488A22009CE8BE /* Products */ = {
			isa = PBXGroup;
			children = (
				F63ED9D227488A22009CE8BE /* Flix.app */,
				F63ED9E827488A24009CE8BE /* FlixTests.xctest */,
				F63ED9F227488A24009CE8BE /* FlixUITests.xctest */,
			);
			name = Products;
			sourceTree = "<group>";
		};
		F63ED9D427488A22009CE8BE /* Flix */ = {
			isa = PBXGroup;
			children = (
				F63ED9D527488A22009CE8BE /* AppDelegate.swift */,
				F63ED9D727488A22009CE8BE /* SceneDelegate.swift */,
				F63ED9D927488A23009CE8BE /* MoviesViewController.swift */,
				F63ED9DB27488A23009CE8BE /* Main.storyboard */,
				F63B1A772749B271003BDB77 /* MovieCell.swift */,
				F63ED9DE27488A24009CE8BE /* Assets.xcassets */,
				F63ED9E027488A24009CE8BE /* LaunchScreen.storyboard */,
				F63ED9E327488A24009CE8BE /* Info.plist */,
				F6423CC4274A385C00A48EEE /* MovieDetailsViewController.swift */,
				F6D0E7952753370700F58559 /* MovieTrailerController.swift */,
				F6423CC6274A4DB300A48EEE /* MovieGridViewController.swift */,
				F641A5FA274DC3F200996BCA /* MovieGridCell.swift */,
			);
			path = Flix;
			sourceTree = "<group>";
		};
		F63ED9EB27488A24009CE8BE /* FlixTests */ = {
			isa = PBXGroup;
			children = (
				F63ED9EC27488A24009CE8BE /* FlixTests.swift */,
			);
			path = FlixTests;
			sourceTree = "<group>";
		};
		F63ED9F527488A24009CE8BE /* FlixUITests */ = {
			isa = PBXGroup;
			children = (
				F63ED9F627488A24009CE8BE /* FlixUITests.swift */,
				F63ED9F827488A24009CE8BE /* FlixUITestsLaunchTests.swift */,
			);
			path = FlixUITests;
			sourceTree = "<group>";
		};
/* End PBXGroup section */

/* Begin PBXNativeTarget section */
		F63ED9D127488A22009CE8BE /* Flix */ = {
			isa = PBXNativeTarget;
			buildConfigurationList = F63ED9FC27488A24009CE8BE /* Build configuration list for PBXNativeTarget "Flix" */;
			buildPhases = (
				C7004370A724599B2B5015A1 /* [CP] Check Pods Manifest.lock */,
				F63ED9CE27488A22009CE8BE /* Sources */,
				F63ED9CF27488A22009CE8BE /* Frameworks */,
				F63ED9D027488A22009CE8BE /* Resources */,
			);
			buildRules = (
			);
			dependencies = (
			);
			name = Flix;
			packageProductDependencies = (
				F63B1A7A274A11AC003BDB77 /* AlamofireImage */,
			);
			productName = Flix;
			productReference = F63ED9D227488A22009CE8BE /* Flix.app */;
			productType = "com.apple.product-type.application";
		};
		F63ED9E727488A24009CE8BE /* FlixTests */ = {
			isa = PBXNativeTarget;
			buildConfigurationList = F63ED9FF27488A24009CE8BE /* Build configuration list for PBXNativeTarget "FlixTests" */;
			buildPhases = (
				C2C430B94DE47692D2182C52 /* [CP] Check Pods Manifest.lock */,
				F63ED9E427488A24009CE8BE /* Sources */,
				F63ED9E527488A24009CE8BE /* Frameworks */,
				F63ED9E627488A24009CE8BE /* Resources */,
			);
			buildRules = (
			);
			dependencies = (
				F63ED9EA27488A24009CE8BE /* PBXTargetDependency */,
			);
			name = FlixTests;
			productName = FlixTests;
			productReference = F63ED9E827488A24009CE8BE /* FlixTests.xctest */;
			productType = "com.apple.product-type.bundle.unit-test";
		};
		F63ED9F127488A24009CE8BE /* FlixUITests */ = {
			isa = PBXNativeTarget;
			buildConfigurationList = F63EDA0227488A24009CE8BE /* Build configuration list for PBXNativeTarget "FlixUITests" */;
			buildPhases = (
				C0BDEC01622F943CAC8718AA /* [CP] Check Pods Manifest.lock */,
				F63ED9EE27488A24009CE8BE /* Sources */,
				F63ED9EF27488A24009CE8BE /* Frameworks */,
				F63ED9F027488A24009CE8BE /* Resources */,
			);
			buildRules = (
			);
			dependencies = (
				F63ED9F427488A24009CE8BE /* PBXTargetDependency */,
			);
			name = FlixUITests;
			productName = FlixUITests;
			productReference = F63ED9F227488A24009CE8BE /* FlixUITests.xctest */;
			productType = "com.apple.product-type.bundle.ui-testing";
		};
/* End PBXNativeTarget section */

/* Begin PBXProject section */
		F63ED9CA27488A22009CE8BE /* Project object */ = {
			isa = PBXProject;
			attributes = {
				BuildIndependentTargetsInParallel = 1;
				LastSwiftUpdateCheck = 1300;
				LastUpgradeCheck = 1300;
				TargetAttributes = {
					F63ED9D127488A22009CE8BE = {
						CreatedOnToolsVersion = 13.0;
					};
					F63ED9E727488A24009CE8BE = {
						CreatedOnToolsVersion = 13.0;
						TestTargetID = F63ED9D127488A22009CE8BE;
					};
					F63ED9F127488A24009CE8BE = {
						CreatedOnToolsVersion = 13.0;
						TestTargetID = F63ED9D127488A22009CE8BE;
					};
				};
			};
			buildConfigurationList = F63ED9CD27488A22009CE8BE /* Build configuration list for PBXProject "Flix" */;
			compatibilityVersion = "Xcode 13.0";
			developmentRegion = en;
			hasScannedForEncodings = 0;
			knownRegions = (
				en,
				Base,
			);
			mainGroup = F63ED9C927488A22009CE8BE;
			packageReferences = (
				F63B1A79274A11AC003BDB77 /* XCRemoteSwiftPackageReference "AlamofireImage" */,
			);
			productRefGroup = F63ED9D327488A22009CE8BE /* Products */;
			projectDirPath = "";
			projectRoot = "";
			targets = (
				F63ED9D127488A22009CE8BE /* Flix */,
				F63ED9E727488A24009CE8BE /* FlixTests */,
				F63ED9F127488A24009CE8BE /* FlixUITests */,
			);
		};
/* End PBXProject section */

/* Begin PBXResourcesBuildPhase section */
		F63ED9D027488A22009CE8BE /* Resources */ = {
			isa = PBXResourcesBuildPhase;
			buildActionMask = 2147483647;
			files = (
				F63ED9E227488A24009CE8BE /* LaunchScreen.storyboard in Resources */,
				F63ED9DF27488A24009CE8BE /* Assets.xcassets in Resources */,
				F63ED9DD27488A23009CE8BE /* Main.storyboard in Resources */,
			);
			runOnlyForDeploymentPostprocessing = 0;
		};
		F63ED9E627488A24009CE8BE /* Resources */ = {
			isa = PBXResourcesBuildPhase;
			buildActionMask = 2147483647;
			files = (
			);
			runOnlyForDeploymentPostprocessing = 0;
		};
		F63ED9F027488A24009CE8BE /* Resources */ = {
			isa = PBXResourcesBuildPhase;
			buildActionMask = 2147483647;
			files = (
			);
			runOnlyForDeploymentPostprocessing = 0;
		};
/* End PBXResourcesBuildPhase section */

/* Begin PBXShellScriptBuildPhase section */
		C0BDEC01622F943CAC8718AA /* [CP] Check Pods Manifest.lock */ = {
			isa = PBXShellScriptBuildPhase;
			buildActionMask = 2147483647;
			files = (
			);
			inputFileListPaths = (
			);
			inputPaths = (
				"${PODS_PODFILE_DIR_PATH}/Podfile.lock",
				"${PODS_ROOT}/Manifest.lock",
			);
			name = "[CP] Check Pods Manifest.lock";
			outputFileListPaths = (
			);
			outputPaths = (
				"$(DERIVED_FILE_DIR)/Pods-Flix-FlixUITests-checkManifestLockResult.txt",
			);
			runOnlyForDeploymentPostprocessing = 0;
			shellPath = /bin/sh;
			shellScript = "diff \"${PODS_PODFILE_DIR_PATH}/Podfile.lock\" \"${PODS_ROOT}/Manifest.lock\" > /dev/null\nif [ $? != 0 ] ; then\n    # print error to STDERR\n    echo \"error: The sandbox is not in sync with the Podfile.lock. Run 'pod install' or update your CocoaPods installation.\" >&2\n    exit 1\nfi\n# This output is used by Xcode 'outputs' to avoid re-running this script phase.\necho \"SUCCESS\" > \"${SCRIPT_OUTPUT_FILE_0}\"\n";
			showEnvVarsInLog = 0;
		};
		C2C430B94DE47692D2182C52 /* [CP] Check Pods Manifest.lock */ = {
			isa = PBXShellScriptBuildPhase;
			buildActionMask = 2147483647;
			files = (
			);
			inputFileListPaths = (
			);
			inputPaths = (
				"${PODS_PODFILE_DIR_PATH}/Podfile.lock",
				"${PODS_ROOT}/Manifest.lock",
			);
			name = "[CP] Check Pods Manifest.lock";
			outputFileListPaths = (
			);
			outputPaths = (
				"$(DERIVED_FILE_DIR)/Pods-FlixTests-checkManifestLockResult.txt",
			);
			runOnlyForDeploymentPostprocessing = 0;
			shellPath = /bin/sh;
			shellScript = "diff \"${PODS_PODFILE_DIR_PATH}/Podfile.lock\" \"${PODS_ROOT}/Manifest.lock\" > /dev/null\nif [ $? != 0 ] ; then\n    # print error to STDERR\n    echo \"error: The sandbox is not in sync with the Podfile.lock. Run 'pod install' or update your CocoaPods installation.\" >&2\n    exit 1\nfi\n# This output is used by Xcode 'outputs' to avoid re-running this script phase.\necho \"SUCCESS\" > \"${SCRIPT_OUTPUT_FILE_0}\"\n";
			showEnvVarsInLog = 0;
		};
		C7004370A724599B2B5015A1 /* [CP] Check Pods Manifest.lock */ = {
			isa = PBXShellScriptBuildPhase;
			buildActionMask = 2147483647;
			files = (
			);
			inputFileListPaths = (
			);
			inputPaths = (
				"${PODS_PODFILE_DIR_PATH}/Podfile.lock",
				"${PODS_ROOT}/Manifest.lock",
			);
			name = "[CP] Check Pods Manifest.lock";
			outputFileListPaths = (
			);
			outputPaths = (
				"$(DERIVED_FILE_DIR)/Pods-Flix-checkManifestLockResult.txt",
			);
			runOnlyForDeploymentPostprocessing = 0;
			shellPath = /bin/sh;
			shellScript = "diff \"${PODS_PODFILE_DIR_PATH}/Podfile.lock\" \"${PODS_ROOT}/Manifest.lock\" > /dev/null\nif [ $? != 0 ] ; then\n    # print error to STDERR\n    echo \"error: The sandbox is not in sync with the Podfile.lock. Run 'pod install' or update your CocoaPods installation.\" >&2\n    exit 1\nfi\n# This output is used by Xcode 'outputs' to avoid re-running this script phase.\necho \"SUCCESS\" > \"${SCRIPT_OUTPUT_FILE_0}\"\n";
			showEnvVarsInLog = 0;
		};
/* End PBXShellScriptBuildPhase section */

/* Begin PBXSourcesBuildPhase section */
		F63ED9CE27488A22009CE8BE /* Sources */ = {
			isa = PBXSourcesBuildPhase;
			buildActionMask = 2147483647;
			files = (
				F6423CC5274A385C00A48EEE /* MovieDetailsViewController.swift in Sources */,
				F63ED9DA27488A23009CE8BE /* MoviesViewController.swift in Sources */,
				F63ED9D627488A22009CE8BE /* AppDelegate.swift in Sources */,
				F63B1A782749B271003BDB77 /* MovieCell.swift in Sources */,
				F63ED9D827488A22009CE8BE /* SceneDelegate.swift in Sources */,
				F6423CC7274A4DB300A48EEE /* MovieGridViewController.swift in Sources */,
				F6D0E7962753370700F58559 /* MovieTrailerController.swift in Sources */,
				F641A5FB274DC3F200996BCA /* MovieGridCell.swift in Sources */,
			);
			runOnlyForDeploymentPostprocessing = 0;
		};
		F63ED9E427488A24009CE8BE /* Sources */ = {
			isa = PBXSourcesBuildPhase;
			buildActionMask = 2147483647;
			files = (
				F63ED9ED27488A24009CE8BE /* FlixTests.swift in Sources */,
			);
			runOnlyForDeploymentPostprocessing = 0;
		};
		F63ED9EE27488A24009CE8BE /* Sources */ = {
			isa = PBXSourcesBuildPhase;
			buildActionMask = 2147483647;
			files = (
				F63ED9F727488A24009CE8BE /* FlixUITests.swift in Sources */,
				F63ED9F927488A24009CE8BE /* FlixUITestsLaunchTests.swift in Sources */,
			);
			runOnlyForDeploymentPostprocessing = 0;
		};
/* End PBXSourcesBuildPhase section */

/* Begin PBXTargetDependency section */
		F63ED9EA27488A24009CE8BE /* PBXTargetDependency */ = {
			isa = PBXTargetDependency;
			target = F63ED9D127488A22009CE8BE /* Flix */;
			targetProxy = F63ED9E927488A24009CE8BE /* PBXContainerItemProxy */;
		};
		F63ED9F427488A24009CE8BE /* PBXTargetDependency */ = {
			isa = PBXTargetDependency;
			target = F63ED9D127488A22009CE8BE /* Flix */;
			targetProxy = F63ED9F327488A24009CE8BE /* PBXContainerItemProxy */;
		};
/* End PBXTargetDependency section */

/* Begin PBXVariantGroup section */
		F63ED9DB27488A23009CE8BE /* Main.storyboard */ = {
			isa = PBXVariantGroup;
			children = (
				F63ED9DC27488A23009CE8BE /* Base */,
			);
			name = Main.storyboard;
			sourceTree = "<group>";
		};
		F63ED9E027488A24009CE8BE /* LaunchScreen.storyboard */ = {
			isa = PBXVariantGroup;
			children = (
				F63ED9E127488A24009CE8BE /* Base */,
			);
			name = LaunchScreen.storyboard;
			sourceTree = "<group>";
		};
/* End PBXVariantGroup section */

/* Begin XCBuildConfiguration section */
		F63ED9FA27488A24009CE8BE /* Debug */ = {
			isa = XCBuildConfiguration;
			buildSettings = {
				ALWAYS_SEARCH_USER_PATHS = NO;
				CLANG_ANALYZER_NONNULL = YES;
				CLANG_ANALYZER_NUMBER_OBJECT_CONVERSION = YES_AGGRESSIVE;
				CLANG_CXX_LANGUAGE_STANDARD = "gnu++17";
				CLANG_CXX_LIBRARY = "libc++";
				CLANG_ENABLE_MODULES = YES;
				CLANG_ENABLE_OBJC_ARC = YES;
				CLANG_ENABLE_OBJC_WEAK = YES;
				CLANG_WARN_BLOCK_CAPTURE_AUTORELEASING = YES;
				CLANG_WARN_BOOL_CONVERSION = YES;
				CLANG_WARN_COMMA = YES;
				CLANG_WARN_CONSTANT_CONVERSION = YES;
				CLANG_WARN_DEPRECATED_OBJC_IMPLEMENTATIONS = YES;
				CLANG_WARN_DIRECT_OBJC_ISA_USAGE = YES_ERROR;
				CLANG_WARN_DOCUMENTATION_COMMENTS = YES;
				CLANG_WARN_EMPTY_BODY = YES;
				CLANG_WARN_ENUM_CONVERSION = YES;
				CLANG_WARN_INFINITE_RECURSION = YES;
				CLANG_WARN_INT_CONVERSION = YES;
				CLANG_WARN_NON_LITERAL_NULL_CONVERSION = YES;
				CLANG_WARN_OBJC_IMPLICIT_RETAIN_SELF = YES;
				CLANG_WARN_OBJC_LITERAL_CONVERSION = YES;
				CLANG_WARN_OBJC_ROOT_CLASS = YES_ERROR;
				CLANG_WARN_QUOTED_INCLUDE_IN_FRAMEWORK_HEADER = YES;
				CLANG_WARN_RANGE_LOOP_ANALYSIS = YES;
				CLANG_WARN_STRICT_PROTOTYPES = YES;
				CLANG_WARN_SUSPICIOUS_MOVE = YES;
				CLANG_WARN_UNGUARDED_AVAILABILITY = YES_AGGRESSIVE;
				CLANG_WARN_UNREACHABLE_CODE = YES;
				CLANG_WARN__DUPLICATE_METHOD_MATCH = YES;
				COPY_PHASE_STRIP = NO;
				DEBUG_INFORMATION_FORMAT = dwarf;
				ENABLE_STRICT_OBJC_MSGSEND = YES;
				ENABLE_TESTABILITY = YES;
				GCC_C_LANGUAGE_STANDARD = gnu11;
				GCC_DYNAMIC_NO_PIC = NO;
				GCC_NO_COMMON_BLOCKS = YES;
				GCC_OPTIMIZATION_LEVEL = 0;
				GCC_PREPROCESSOR_DEFINITIONS = (
					"DEBUG=1",
					"$(inherited)",
				);
				GCC_WARN_64_TO_32_BIT_CONVERSION = YES;
				GCC_WARN_ABOUT_RETURN_TYPE = YES_ERROR;
				GCC_WARN_UNDECLARED_SELECTOR = YES;
				GCC_WARN_UNINITIALIZED_AUTOS = YES_AGGRESSIVE;
				GCC_WARN_UNUSED_FUNCTION = YES;
				GCC_WARN_UNUSED_VARIABLE = YES;
				IPHONEOS_DEPLOYMENT_TARGET = 15.0;
				MTL_ENABLE_DEBUG_INFO = INCLUDE_SOURCE;
				MTL_FAST_MATH = YES;
				ONLY_ACTIVE_ARCH = YES;
				SDKROOT = iphoneos;
				SWIFT_ACTIVE_COMPILATION_CONDITIONS = DEBUG;
				SWIFT_OPTIMIZATION_LEVEL = "-Onone";
			};
			name = Debug;
		};
		F63ED9FB27488A24009CE8BE /* Release */ = {
			isa = XCBuildConfiguration;
			buildSettings = {
				ALWAYS_SEARCH_USER_PATHS = NO;
				CLANG_ANALYZER_NONNULL = YES;
				CLANG_ANALYZER_NUMBER_OBJECT_CONVERSION = YES_AGGRESSIVE;
				CLANG_CXX_LANGUAGE_STANDARD = "gnu++17";
				CLANG_CXX_LIBRARY = "libc++";
				CLANG_ENABLE_MODULES = YES;
				CLANG_ENABLE_OBJC_ARC = YES;
				CLANG_ENABLE_OBJC_WEAK = YES;
				CLANG_WARN_BLOCK_CAPTURE_AUTORELEASING = YES;
				CLANG_WARN_BOOL_CONVERSION = YES;
				CLANG_WARN_COMMA = YES;
				CLANG_WARN_CONSTANT_CONVERSION = YES;
				CLANG_WARN_DEPRECATED_OBJC_IMPLEMENTATIONS = YES;
				CLANG_WARN_DIRECT_OBJC_ISA_USAGE = YES_ERROR;
				CLANG_WARN_DOCUMENTATION_COMMENTS = YES;
				CLANG_WARN_EMPTY_BODY = YES;
				CLANG_WARN_ENUM_CONVERSION = YES;
				CLANG_WARN_INFINITE_RECURSION = YES;
				CLANG_WARN_INT_CONVERSION = YES;
				CLANG_WARN_NON_LITERAL_NULL_CONVERSION = YES;
				CLANG_WARN_OBJC_IMPLICIT_RETAIN_SELF = YES;
				CLANG_WARN_OBJC_LITERAL_CONVERSION = YES;
				CLANG_WARN_OBJC_ROOT_CLASS = YES_ERROR;
				CLANG_WARN_QUOTED_INCLUDE_IN_FRAMEWORK_HEADER = YES;
				CLANG_WARN_RANGE_LOOP_ANALYSIS = YES;
				CLANG_WARN_STRICT_PROTOTYPES = YES;
				CLANG_WARN_SUSPICIOUS_MOVE = YES;
				CLANG_WARN_UNGUARDED_AVAILABILITY = YES_AGGRESSIVE;
				CLANG_WARN_UNREACHABLE_CODE = YES;
				CLANG_WARN__DUPLICATE_METHOD_MATCH = YES;
				COPY_PHASE_STRIP = NO;
				DEBUG_INFORMATION_FORMAT = "dwarf-with-dsym";
				ENABLE_NS_ASSERTIONS = NO;
				ENABLE_STRICT_OBJC_MSGSEND = YES;
				GCC_C_LANGUAGE_STANDARD = gnu11;
				GCC_NO_COMMON_BLOCKS = YES;
				GCC_WARN_64_TO_32_BIT_CONVERSION = YES;
				GCC_WARN_ABOUT_RETURN_TYPE = YES_ERROR;
				GCC_WARN_UNDECLARED_SELECTOR = YES;
				GCC_WARN_UNINITIALIZED_AUTOS = YES_AGGRESSIVE;
				GCC_WARN_UNUSED_FUNCTION = YES;
				GCC_WARN_UNUSED_VARIABLE = YES;
				IPHONEOS_DEPLOYMENT_TARGET = 15.0;
				MTL_ENABLE_DEBUG_INFO = NO;
				MTL_FAST_MATH = YES;
				SDKROOT = iphoneos;
				SWIFT_COMPILATION_MODE = wholemodule;
				SWIFT_OPTIMIZATION_LEVEL = "-O";
				VALIDATE_PRODUCT = YES;
			};
			name = Release;
		};
		F63ED9FD27488A24009CE8BE /* Debug */ = {
			isa = XCBuildConfiguration;
			baseConfigurationReference = 0613E11ADC641C845F9FEEBA /* Pods-Flix.debug.xcconfig */;
			buildSettings = {
				ASSETCATALOG_COMPILER_APPICON_NAME = AppIcon;
				ASSETCATALOG_COMPILER_GLOBAL_ACCENT_COLOR_NAME = AccentColor;
				CODE_SIGN_STYLE = Automatic;
				CURRENT_PROJECT_VERSION = 1;
				DEVELOPMENT_TEAM = AGPW98NX9P;
				GENERATE_INFOPLIST_FILE = YES;
				INFOPLIST_FILE = Flix/Info.plist;
				INFOPLIST_KEY_CFBundleDisplayName = Flix;
				INFOPLIST_KEY_UIApplicationSupportsIndirectInputEvents = YES;
				INFOPLIST_KEY_UILaunchStoryboardName = LaunchScreen;
				INFOPLIST_KEY_UIMainStoryboardFile = Main;
				INFOPLIST_KEY_UISupportedInterfaceOrientations_iPad = "UIInterfaceOrientationPortrait UIInterfaceOrientationPortraitUpsideDown UIInterfaceOrientationLandscapeLeft UIInterfaceOrientationLandscapeRight";
				INFOPLIST_KEY_UISupportedInterfaceOrientations_iPhone = "UIInterfaceOrientationPortrait UIInterfaceOrientationLandscapeLeft UIInterfaceOrientationLandscapeRight";
				LD_RUNPATH_SEARCH_PATHS = (
					"$(inherited)",
					"@executable_path/Frameworks",
				);
				MARKETING_VERSION = 1.0;
				PRODUCT_BUNDLE_IDENTIFIER = com.neutraltones.Flix;
				PRODUCT_NAME = "$(TARGET_NAME)";
				SWIFT_EMIT_LOC_STRINGS = YES;
				SWIFT_VERSION = 5.0;
				TARGETED_DEVICE_FAMILY = "1,2";
			};
			name = Debug;
		};
		F63ED9FE27488A24009CE8BE /* Release */ = {
			isa = XCBuildConfiguration;
			baseConfigurationReference = C8EC0C63AA12E48AF03B92C6 /* Pods-Flix.release.xcconfig */;
			buildSettings = {
				ASSETCATALOG_COMPILER_APPICON_NAME = AppIcon;
				ASSETCATALOG_COMPILER_GLOBAL_ACCENT_COLOR_NAME = AccentColor;
				CODE_SIGN_STYLE = Automatic;
				CURRENT_PROJECT_VERSION = 1;
				DEVELOPMENT_TEAM = AGPW98NX9P;
				GENERATE_INFOPLIST_FILE = YES;
				INFOPLIST_FILE = Flix/Info.plist;
				INFOPLIST_KEY_CFBundleDisplayName = Flix;
				INFOPLIST_KEY_UIApplicationSupportsIndirectInputEvents = YES;
				INFOPLIST_KEY_UILaunchStoryboardName = LaunchScreen;
				INFOPLIST_KEY_UIMainStoryboardFile = Main;
				INFOPLIST_KEY_UISupportedInterfaceOrientations_iPad = "UIInterfaceOrientationPortrait UIInterfaceOrientationPortraitUpsideDown UIInterfaceOrientationLandscapeLeft UIInterfaceOrientationLandscapeRight";
				INFOPLIST_KEY_UISupportedInterfaceOrientations_iPhone = "UIInterfaceOrientationPortrait UIInterfaceOrientationLandscapeLeft UIInterfaceOrientationLandscapeRight";
				LD_RUNPATH_SEARCH_PATHS = (
					"$(inherited)",
					"@executable_path/Frameworks",
				);
				MARKETING_VERSION = 1.0;
				PRODUCT_BUNDLE_IDENTIFIER = com.neutraltones.Flix;
				PRODUCT_NAME = "$(TARGET_NAME)";
				SWIFT_EMIT_LOC_STRINGS = YES;
				SWIFT_VERSION = 5.0;
				TARGETED_DEVICE_FAMILY = "1,2";
			};
			name = Release;
		};
		F63EDA0027488A24009CE8BE /* Debug */ = {
			isa = XCBuildConfiguration;
			baseConfigurationReference = 736334E94DEC04DC547C31FF /* Pods-FlixTests.debug.xcconfig */;
			buildSettings = {
				ALWAYS_EMBED_SWIFT_STANDARD_LIBRARIES = YES;
				BUNDLE_LOADER = "$(TEST_HOST)";
				CODE_SIGN_STYLE = Automatic;
				CURRENT_PROJECT_VERSION = 1;
				DEVELOPMENT_TEAM = AGPW98NX9P;
				GENERATE_INFOPLIST_FILE = YES;
				IPHONEOS_DEPLOYMENT_TARGET = 15.0;
				LD_RUNPATH_SEARCH_PATHS = (
					"$(inherited)",
					"@executable_path/Frameworks",
					"@loader_path/Frameworks",
				);
				MARKETING_VERSION = 1.0;
				PRODUCT_BUNDLE_IDENTIFIER = com.neutraltones.FlixTests;
				PRODUCT_NAME = "$(TARGET_NAME)";
				SWIFT_EMIT_LOC_STRINGS = NO;
				SWIFT_VERSION = 5.0;
				TARGETED_DEVICE_FAMILY = "1,2";
				TEST_HOST = "$(BUILT_PRODUCTS_DIR)/Flix.app/Flix";
			};
			name = Debug;
		};
		F63EDA0127488A24009CE8BE /* Release */ = {
			isa = XCBuildConfiguration;
			baseConfigurationReference = 926114310FA33779C4FC2683 /* Pods-FlixTests.release.xcconfig */;
			buildSettings = {
				ALWAYS_EMBED_SWIFT_STANDARD_LIBRARIES = YES;
				BUNDLE_LOADER = "$(TEST_HOST)";
				CODE_SIGN_STYLE = Automatic;
				CURRENT_PROJECT_VERSION = 1;
				DEVELOPMENT_TEAM = AGPW98NX9P;
				GENERATE_INFOPLIST_FILE = YES;
				IPHONEOS_DEPLOYMENT_TARGET = 15.0;
				LD_RUNPATH_SEARCH_PATHS = (
					"$(inherited)",
					"@executable_path/Frameworks",
					"@loader_path/Frameworks",
				);
				MARKETING_VERSION = 1.0;
				PRODUCT_BUNDLE_IDENTIFIER = com.neutraltones.FlixTests;
				PRODUCT_NAME = "$(TARGET_NAME)";
				SWIFT_EMIT_LOC_STRINGS = NO;
				SWIFT_VERSION = 5.0;
				TARGETED_DEVICE_FAMILY = "1,2";
				TEST_HOST = "$(BUILT_PRODUCTS_DIR)/Flix.app/Flix";
			};
			name = Release;
		};
		F63EDA0327488A24009CE8BE /* Debug */ = {
			isa = XCBuildConfiguration;
			baseConfigurationReference = 57974DBB09AEFDFE6FC1B737 /* Pods-Flix-FlixUITests.debug.xcconfig */;
			buildSettings = {
				ALWAYS_EMBED_SWIFT_STANDARD_LIBRARIES = YES;
				CODE_SIGN_STYLE = Automatic;
				CURRENT_PROJECT_VERSION = 1;
				DEVELOPMENT_TEAM = AGPW98NX9P;
				GENERATE_INFOPLIST_FILE = YES;
				LD_RUNPATH_SEARCH_PATHS = (
					"$(inherited)",
					"@executable_path/Frameworks",
					"@loader_path/Frameworks",
				);
				MARKETING_VERSION = 1.0;
				PRODUCT_BUNDLE_IDENTIFIER = com.neutraltones.FlixUITests;
				PRODUCT_NAME = "$(TARGET_NAME)";
				SWIFT_EMIT_LOC_STRINGS = NO;
				SWIFT_VERSION = 5.0;
				TARGETED_DEVICE_FAMILY = "1,2";
				TEST_TARGET_NAME = Flix;
			};
			name = Debug;
		};
		F63EDA0427488A24009CE8BE /* Release */ = {
			isa = XCBuildConfiguration;
			baseConfigurationReference = A75899DAEBE13CFD3B04827D /* Pods-Flix-FlixUITests.release.xcconfig */;
			buildSettings = {
				ALWAYS_EMBED_SWIFT_STANDARD_LIBRARIES = YES;
				CODE_SIGN_STYLE = Automatic;
				CURRENT_PROJECT_VERSION = 1;
				DEVELOPMENT_TEAM = AGPW98NX9P;
				GENERATE_INFOPLIST_FILE = YES;
				LD_RUNPATH_SEARCH_PATHS = (
					"$(inherited)",
					"@executable_path/Frameworks",
					"@loader_path/Frameworks",
				);
				MARKETING_VERSION = 1.0;
				PRODUCT_BUNDLE_IDENTIFIER = com.neutraltones.FlixUITests;
				PRODUCT_NAME = "$(TARGET_NAME)";
				SWIFT_EMIT_LOC_STRINGS = NO;
				SWIFT_VERSION = 5.0;
				TARGETED_DEVICE_FAMILY = "1,2";
				TEST_TARGET_NAME = Flix;
			};
			name = Release;
		};
/* End XCBuildConfiguration section */

/* Begin XCConfigurationList section */
		F63ED9CD27488A22009CE8BE /* Build configuration list for PBXProject "Flix" */ = {
			isa = XCConfigurationList;
			buildConfigurations = (
				F63ED9FA27488A24009CE8BE /* Debug */,
				F63ED9FB27488A24009CE8BE /* Release */,
			);
			defaultConfigurationIsVisible = 0;
			defaultConfigurationName = Release;
		};
		F63ED9FC27488A24009CE8BE /* Build configuration list for PBXNativeTarget "Flix" */ = {
			isa = XCConfigurationList;
			buildConfigurations = (
				F63ED9FD27488A24009CE8BE /* Debug */,
				F63ED9FE27488A24009CE8BE /* Release */,
			);
			defaultConfigurationIsVisible = 0;
			defaultConfigurationName = Release;
		};
		F63ED9FF27488A24009CE8BE /* Build configuration list for PBXNativeTarget "FlixTests" */ = {
			isa = XCConfigurationList;
			buildConfigurations = (
				F63EDA0027488A24009CE8BE /* Debug */,
				F63EDA0127488A24009CE8BE /* Release */,
			);
			defaultConfigurationIsVisible = 0;
			defaultConfigurationName = Release;
		};
		F63EDA0227488A24009CE8BE /* Build configuration list for PBXNativeTarget "FlixUITests" */ = {
			isa = XCConfigurationList;
			buildConfigurations = (
				F63EDA0327488A24009CE8BE /* Debug */,
				F63EDA0427488A24009CE8BE /* Release */,
			);
			defaultConfigurationIsVisible = 0;
			defaultConfigurationName = Release;
		};
/* End XCConfigurationList section */

/* Begin XCRemoteSwiftPackageReference section */
		F63B1A79274A11AC003BDB77 /* XCRemoteSwiftPackageReference "AlamofireImage" */ = {
			isa = XCRemoteSwiftPackageReference;
			repositoryURL = "https://github.com/Alamofire/AlamofireImage";
			requirement = {
				kind = upToNextMajorVersion;
				minimumVersion = 4.0.0;
			};
		};
/* End XCRemoteSwiftPackageReference section */

/* Begin XCSwiftPackageProductDependency section */
		F63B1A7A274A11AC003BDB77 /* AlamofireImage */ = {
			isa = XCSwiftPackageProductDependency;
			package = F63B1A79274A11AC003BDB77 /* XCRemoteSwiftPackageReference "AlamofireImage" */;
			productName = AlamofireImage;
		};
/* End XCSwiftPackageProductDependency section */
	};
	rootObject = F63ED9CA27488A22009CE8BE /* Project object */;
}
